// !$*UTF8*$!
{
	archiveVersion = 1;
	classes = {
	};
	objectVersion = 48;
	objects = {

/* Begin PBXBuildFile section */
		A70368C420C3D30000A32029 /* AudioBookDataProvider.swift in Sources */ = {isa = PBXBuildFile; fileRef = A70368C320C3D30000A32029 /* AudioBookDataProvider.swift */; };
		A70368C620C3D38700A32029 /* Chapter.swift in Sources */ = {isa = PBXBuildFile; fileRef = A70368C520C3D38700A32029 /* Chapter.swift */; };
		A741F82020C3B9E6003E2B42 /* AppDelegate.swift in Sources */ = {isa = PBXBuildFile; fileRef = A741F81F20C3B9E6003E2B42 /* AppDelegate.swift */; };
		A741F82220C3B9E6003E2B42 /* AudioBooksListViewController.swift in Sources */ = {isa = PBXBuildFile; fileRef = A741F82120C3B9E6003E2B42 /* AudioBooksListViewController.swift */; };
		A741F82520C3B9E6003E2B42 /* Main.storyboard in Resources */ = {isa = PBXBuildFile; fileRef = A741F82320C3B9E6003E2B42 /* Main.storyboard */; };
		A741F82720C3B9E6003E2B42 /* Assets.xcassets in Resources */ = {isa = PBXBuildFile; fileRef = A741F82620C3B9E6003E2B42 /* Assets.xcassets */; };
		A741F82A20C3B9E6003E2B42 /* LaunchScreen.storyboard in Resources */ = {isa = PBXBuildFile; fileRef = A741F82820C3B9E6003E2B42 /* LaunchScreen.storyboard */; };
		A741F83520C3B9E6003E2B42 /* AudiobookerTests.swift in Sources */ = {isa = PBXBuildFile; fileRef = A741F83420C3B9E6003E2B42 /* AudiobookerTests.swift */; };
		A741F84320C3BA56003E2B42 /* AudioBook.swift in Sources */ = {isa = PBXBuildFile; fileRef = A741F84220C3BA56003E2B42 /* AudioBook.swift */; };
		A741F84520C3BAA9003E2B42 /* ChapterProgress.swift in Sources */ = {isa = PBXBuildFile; fileRef = A741F84420C3BAA9003E2B42 /* ChapterProgress.swift */; };
		A741F84820C3BC0D003E2B42 /* IAudioBooksListView.swift in Sources */ = {isa = PBXBuildFile; fileRef = A741F84720C3BC0D003E2B42 /* IAudioBooksListView.swift */; };
		A741F84B20C3BC54003E2B42 /* IAudioBooksListPresenter.swift in Sources */ = {isa = PBXBuildFile; fileRef = A741F84A20C3BC54003E2B42 /* IAudioBooksListPresenter.swift */; };
		A741F84D20C3BC70003E2B42 /* AudioBooksListPresenter.swift in Sources */ = {isa = PBXBuildFile; fileRef = A741F84C20C3BC70003E2B42 /* AudioBooksListPresenter.swift */; };
		A741F85120C3C1DA003E2B42 /* AudioBooksListTableDelegate.swift in Sources */ = {isa = PBXBuildFile; fileRef = A741F85020C3C1DA003E2B42 /* AudioBooksListTableDelegate.swift */; };
		A741F85420C3C488003E2B42 /* AudioBookCell.swift in Sources */ = {isa = PBXBuildFile; fileRef = A741F85320C3C488003E2B42 /* AudioBookCell.swift */; };
/* End PBXBuildFile section */

/* Begin PBXContainerItemProxy section */
		A741F83120C3B9E6003E2B42 /* PBXContainerItemProxy */ = {
			isa = PBXContainerItemProxy;
			containerPortal = A741F81420C3B9E6003E2B42 /* Project object */;
			proxyType = 1;
			remoteGlobalIDString = A741F81B20C3B9E6003E2B42;
			remoteInfo = Audiobooker;
		};
/* End PBXContainerItemProxy section */

/* Begin PBXFileReference section */
		A70368C320C3D30000A32029 /* AudioBookDataProvider.swift */ = {isa = PBXFileReference; lastKnownFileType = sourcecode.swift; path = AudioBookDataProvider.swift; sourceTree = "<group>"; };
		A70368C520C3D38700A32029 /* Chapter.swift */ = {isa = PBXFileReference; lastKnownFileType = sourcecode.swift; path = Chapter.swift; sourceTree = "<group>"; };
		A741F81C20C3B9E6003E2B42 /* Audiobooker.app */ = {isa = PBXFileReference; explicitFileType = wrapper.application; includeInIndex = 0; path = Audiobooker.app; sourceTree = BUILT_PRODUCTS_DIR; };
		A741F81F20C3B9E6003E2B42 /* AppDelegate.swift */ = {isa = PBXFileReference; lastKnownFileType = sourcecode.swift; path = AppDelegate.swift; sourceTree = "<group>"; };
		A741F82120C3B9E6003E2B42 /* AudioBooksListViewController.swift */ = {isa = PBXFileReference; lastKnownFileType = sourcecode.swift; path = AudioBooksListViewController.swift; sourceTree = "<group>"; };
		A741F82420C3B9E6003E2B42 /* Base */ = {isa = PBXFileReference; lastKnownFileType = file.storyboard; name = Base; path = Base.lproj/Main.storyboard; sourceTree = "<group>"; };
		A741F82620C3B9E6003E2B42 /* Assets.xcassets */ = {isa = PBXFileReference; lastKnownFileType = folder.assetcatalog; path = Assets.xcassets; sourceTree = "<group>"; };
		A741F82920C3B9E6003E2B42 /* Base */ = {isa = PBXFileReference; lastKnownFileType = file.storyboard; name = Base; path = Base.lproj/LaunchScreen.storyboard; sourceTree = "<group>"; };
		A741F82B20C3B9E6003E2B42 /* Info.plist */ = {isa = PBXFileReference; lastKnownFileType = text.plist.xml; path = Info.plist; sourceTree = "<group>"; };
		A741F83020C3B9E6003E2B42 /* AudiobookerTests.xctest */ = {isa = PBXFileReference; explicitFileType = wrapper.cfbundle; includeInIndex = 0; path = AudiobookerTests.xctest; sourceTree = BUILT_PRODUCTS_DIR; };
		A741F83420C3B9E6003E2B42 /* AudiobookerTests.swift */ = {isa = PBXFileReference; lastKnownFileType = sourcecode.swift; path = AudiobookerTests.swift; sourceTree = "<group>"; };
		A741F83620C3B9E6003E2B42 /* Info.plist */ = {isa = PBXFileReference; lastKnownFileType = text.plist.xml; path = Info.plist; sourceTree = "<group>"; };
		A741F84220C3BA56003E2B42 /* AudioBook.swift */ = {isa = PBXFileReference; lastKnownFileType = sourcecode.swift; path = AudioBook.swift; sourceTree = "<group>"; };
		A741F84420C3BAA9003E2B42 /* ChapterProgress.swift */ = {isa = PBXFileReference; lastKnownFileType = sourcecode.swift; path = ChapterProgress.swift; sourceTree = "<group>"; };
		A741F84720C3BC0D003E2B42 /* IAudioBooksListView.swift */ = {isa = PBXFileReference; lastKnownFileType = sourcecode.swift; path = IAudioBooksListView.swift; sourceTree = "<group>"; };
		A741F84A20C3BC54003E2B42 /* IAudioBooksListPresenter.swift */ = {isa = PBXFileReference; lastKnownFileType = sourcecode.swift; path = IAudioBooksListPresenter.swift; sourceTree = "<group>"; };
		A741F84C20C3BC70003E2B42 /* AudioBooksListPresenter.swift */ = {isa = PBXFileReference; lastKnownFileType = sourcecode.swift; path = AudioBooksListPresenter.swift; sourceTree = "<group>"; };
		A741F85020C3C1DA003E2B42 /* AudioBooksListTableDelegate.swift */ = {isa = PBXFileReference; lastKnownFileType = sourcecode.swift; path = AudioBooksListTableDelegate.swift; sourceTree = "<group>"; };
		A741F85320C3C488003E2B42 /* AudioBookCell.swift */ = {isa = PBXFileReference; lastKnownFileType = sourcecode.swift; path = AudioBookCell.swift; sourceTree = "<group>"; };
/* End PBXFileReference section */

/* Begin PBXFrameworksBuildPhase section */
		A741F81920C3B9E6003E2B42 /* Frameworks */ = {
			isa = PBXFrameworksBuildPhase;
			buildActionMask = 2147483647;
			files = (
			);
			runOnlyForDeploymentPostprocessing = 0;
		};
		A741F82D20C3B9E6003E2B42 /* Frameworks */ = {
			isa = PBXFrameworksBuildPhase;
			buildActionMask = 2147483647;
			files = (
			);
			runOnlyForDeploymentPostprocessing = 0;
		};
/* End PBXFrameworksBuildPhase section */

/* Begin PBXGroup section */
		A70368C220C3D2EA00A32029 /* Data Providers */ = {
			isa = PBXGroup;
			children = (
				A70368C320C3D30000A32029 /* AudioBookDataProvider.swift */,
			);
			path = "Data Providers";
			sourceTree = "<group>";
		};
		A741F81320C3B9E6003E2B42 = {
			isa = PBXGroup;
			children = (
				A741F81E20C3B9E6003E2B42 /* Audiobooker */,
				A741F83320C3B9E6003E2B42 /* AudiobookerTests */,
				A741F81D20C3B9E6003E2B42 /* Products */,
			);
			sourceTree = "<group>";
		};
		A741F81D20C3B9E6003E2B42 /* Products */ = {
			isa = PBXGroup;
			children = (
				A741F81C20C3B9E6003E2B42 /* Audiobooker.app */,
				A741F83020C3B9E6003E2B42 /* AudiobookerTests.xctest */,
			);
			name = Products;
			sourceTree = "<group>";
		};
		A741F81E20C3B9E6003E2B42 /* Audiobooker */ = {
			isa = PBXGroup;
			children = (
				A70368C220C3D2EA00A32029 /* Data Providers */,
				A741F85220C3C46D003E2B42 /* Cells */,
				A741F84E20C3C054003E2B42 /* Table Delegates */,
				A741F84120C3BA14003E2B42 /* Model */,
				A741F84020C3BA07003E2B42 /* View Controllers */,
				A741F83F20C3B9FF003E2B42 /* Presenters */,
				A741F81F20C3B9E6003E2B42 /* AppDelegate.swift */,
				A741F82320C3B9E6003E2B42 /* Main.storyboard */,
				A741F82620C3B9E6003E2B42 /* Assets.xcassets */,
				A741F82820C3B9E6003E2B42 /* LaunchScreen.storyboard */,
				A741F82B20C3B9E6003E2B42 /* Info.plist */,
			);
			path = Audiobooker;
			sourceTree = "<group>";
		};
		A741F83320C3B9E6003E2B42 /* AudiobookerTests */ = {
			isa = PBXGroup;
			children = (
				A741F83420C3B9E6003E2B42 /* AudiobookerTests.swift */,
				A741F83620C3B9E6003E2B42 /* Info.plist */,
			);
			path = AudiobookerTests;
			sourceTree = "<group>";
		};
		A741F83F20C3B9FF003E2B42 /* Presenters */ = {
			isa = PBXGroup;
			children = (
				A741F84920C3BC3C003E2B42 /* Protocols */,
				A741F84C20C3BC70003E2B42 /* AudioBooksListPresenter.swift */,
			);
			path = Presenters;
			sourceTree = "<group>";
		};
		A741F84020C3BA07003E2B42 /* View Controllers */ = {
			isa = PBXGroup;
			children = (
				A741F84620C3BACD003E2B42 /* Protocols */,
				A741F82120C3B9E6003E2B42 /* AudioBooksListViewController.swift */,
			);
			path = "View Controllers";
			sourceTree = "<group>";
		};
		A741F84120C3BA14003E2B42 /* Model */ = {
			isa = PBXGroup;
			children = (
				A741F84220C3BA56003E2B42 /* AudioBook.swift */,
				A741F84420C3BAA9003E2B42 /* ChapterProgress.swift */,
				A70368C520C3D38700A32029 /* Chapter.swift */,
			);
			path = Model;
			sourceTree = "<group>";
		};
		A741F84620C3BACD003E2B42 /* Protocols */ = {
			isa = PBXGroup;
			children = (
				A741F84720C3BC0D003E2B42 /* IAudioBooksListView.swift */,
			);
			path = Protocols;
			sourceTree = "<group>";
		};
		A741F84920C3BC3C003E2B42 /* Protocols */ = {
			isa = PBXGroup;
			children = (
				A741F84A20C3BC54003E2B42 /* IAudioBooksListPresenter.swift */,
			);
			path = Protocols;
			sourceTree = "<group>";
		};
		A741F84E20C3C054003E2B42 /* Table Delegates */ = {
			isa = PBXGroup;
			children = (
				A741F85020C3C1DA003E2B42 /* AudioBooksListTableDelegate.swift */,
			);
			path = "Table Delegates";
			sourceTree = "<group>";
		};
		A741F85220C3C46D003E2B42 /* Cells */ = {
			isa = PBXGroup;
			children = (
				A741F85320C3C488003E2B42 /* AudioBookCell.swift */,
			);
			path = Cells;
			sourceTree = "<group>";
		};
/* End PBXGroup section */

/* Begin PBXNativeTarget section */
		A741F81B20C3B9E6003E2B42 /* Audiobooker */ = {
			isa = PBXNativeTarget;
			buildConfigurationList = A741F83920C3B9E6003E2B42 /* Build configuration list for PBXNativeTarget "Audiobooker" */;
			buildPhases = (
				A741F81820C3B9E6003E2B42 /* Sources */,
				A741F81920C3B9E6003E2B42 /* Frameworks */,
				A741F81A20C3B9E6003E2B42 /* Resources */,
			);
			buildRules = (
			);
			dependencies = (
			);
			name = Audiobooker;
			productName = Audiobooker;
			productReference = A741F81C20C3B9E6003E2B42 /* Audiobooker.app */;
			productType = "com.apple.product-type.application";
		};
		A741F82F20C3B9E6003E2B42 /* AudiobookerTests */ = {
			isa = PBXNativeTarget;
			buildConfigurationList = A741F83C20C3B9E6003E2B42 /* Build configuration list for PBXNativeTarget "AudiobookerTests" */;
			buildPhases = (
				A741F82C20C3B9E6003E2B42 /* Sources */,
				A741F82D20C3B9E6003E2B42 /* Frameworks */,
				A741F82E20C3B9E6003E2B42 /* Resources */,
			);
			buildRules = (
			);
			dependencies = (
				A741F83220C3B9E6003E2B42 /* PBXTargetDependency */,
			);
			name = AudiobookerTests;
			productName = AudiobookerTests;
			productReference = A741F83020C3B9E6003E2B42 /* AudiobookerTests.xctest */;
			productType = "com.apple.product-type.bundle.unit-test";
		};
/* End PBXNativeTarget section */

/* Begin PBXProject section */
		A741F81420C3B9E6003E2B42 /* Project object */ = {
			isa = PBXProject;
			attributes = {
				LastSwiftUpdateCheck = 0920;
				LastUpgradeCheck = 0920;
				ORGANIZATIONNAME = "Valentin Cherepyanko";
				TargetAttributes = {
					A741F81B20C3B9E6003E2B42 = {
						CreatedOnToolsVersion = 9.2;
						ProvisioningStyle = Automatic;
					};
					A741F82F20C3B9E6003E2B42 = {
						CreatedOnToolsVersion = 9.2;
						ProvisioningStyle = Automatic;
						TestTargetID = A741F81B20C3B9E6003E2B42;
					};
				};
			};
			buildConfigurationList = A741F81720C3B9E6003E2B42 /* Build configuration list for PBXProject "Audiobooker" */;
			compatibilityVersion = "Xcode 8.0";
			developmentRegion = en;
			hasScannedForEncodings = 0;
			knownRegions = (
				en,
				Base,
			);
			mainGroup = A741F81320C3B9E6003E2B42;
			productRefGroup = A741F81D20C3B9E6003E2B42 /* Products */;
			projectDirPath = "";
			projectRoot = "";
			targets = (
				A741F81B20C3B9E6003E2B42 /* Audiobooker */,
				A741F82F20C3B9E6003E2B42 /* AudiobookerTests */,
			);
		};
/* End PBXProject section */

/* Begin PBXResourcesBuildPhase section */
		A741F81A20C3B9E6003E2B42 /* Resources */ = {
			isa = PBXResourcesBuildPhase;
			buildActionMask = 2147483647;
			files = (
				A741F82A20C3B9E6003E2B42 /* LaunchScreen.storyboard in Resources */,
				A741F82720C3B9E6003E2B42 /* Assets.xcassets in Resources */,
				A741F82520C3B9E6003E2B42 /* Main.storyboard in Resources */,
			);
			runOnlyForDeploymentPostprocessing = 0;
		};
		A741F82E20C3B9E6003E2B42 /* Resources */ = {
			isa = PBXResourcesBuildPhase;
			buildActionMask = 2147483647;
			files = (
			);
			runOnlyForDeploymentPostprocessing = 0;
		};
/* End PBXResourcesBuildPhase section */

/* Begin PBXSourcesBuildPhase section */
		A741F81820C3B9E6003E2B42 /* Sources */ = {
			isa = PBXSourcesBuildPhase;
			buildActionMask = 2147483647;
			files = (
				A741F84B20C3BC54003E2B42 /* IAudioBooksListPresenter.swift in Sources */,
				A741F85120C3C1DA003E2B42 /* AudioBooksListTableDelegate.swift in Sources */,
				A741F84520C3BAA9003E2B42 /* ChapterProgress.swift in Sources */,
				A741F84D20C3BC70003E2B42 /* AudioBooksListPresenter.swift in Sources */,
				A741F84320C3BA56003E2B42 /* AudioBook.swift in Sources */,
				A741F85420C3C488003E2B42 /* AudioBookCell.swift in Sources */,
				A741F82220C3B9E6003E2B42 /* AudioBooksListViewController.swift in Sources */,
				A741F82020C3B9E6003E2B42 /* AppDelegate.swift in Sources */,
				A70368C420C3D30000A32029 /* AudioBookDataProvider.swift in Sources */,
				A741F84820C3BC0D003E2B42 /* IAudioBooksListView.swift in Sources */,
				A70368C620C3D38700A32029 /* Chapter.swift in Sources */,
			);
			runOnlyForDeploymentPostprocessing = 0;
		};
		A741F82C20C3B9E6003E2B42 /* Sources */ = {
			isa = PBXSourcesBuildPhase;
			buildActionMask = 2147483647;
			files = (
				A741F83520C3B9E6003E2B42 /* AudiobookerTests.swift in Sources */,
			);
			runOnlyForDeploymentPostprocessing = 0;
		};
/* End PBXSourcesBuildPhase section */

/* Begin PBXTargetDependency section */
		A741F83220C3B9E6003E2B42 /* PBXTargetDependency */ = {
			isa = PBXTargetDependency;
			target = A741F81B20C3B9E6003E2B42 /* Audiobooker */;
			targetProxy = A741F83120C3B9E6003E2B42 /* PBXContainerItemProxy */;
		};
/* End PBXTargetDependency section */

/* Begin PBXVariantGroup section */
		A741F82320C3B9E6003E2B42 /* Main.storyboard */ = {
			isa = PBXVariantGroup;
			children = (
				A741F82420C3B9E6003E2B42 /* Base */,
			);
			name = Main.storyboard;
			sourceTree = "<group>";
		};
		A741F82820C3B9E6003E2B42 /* LaunchScreen.storyboard */ = {
			isa = PBXVariantGroup;
			children = (
				A741F82920C3B9E6003E2B42 /* Base */,
			);
			name = LaunchScreen.storyboard;
			sourceTree = "<group>";
		};
/* End PBXVariantGroup section */

/* Begin XCBuildConfiguration section */
		A741F83720C3B9E6003E2B42 /* Debug */ = {
			isa = XCBuildConfiguration;
			buildSettings = {
				ALWAYS_SEARCH_USER_PATHS = NO;
				CLANG_ANALYZER_NONNULL = YES;
				CLANG_ANALYZER_NUMBER_OBJECT_CONVERSION = YES_AGGRESSIVE;
				CLANG_CXX_LANGUAGE_STANDARD = "gnu++14";
				CLANG_CXX_LIBRARY = "libc++";
				CLANG_ENABLE_MODULES = YES;
				CLANG_ENABLE_OBJC_ARC = YES;
				CLANG_WARN_BLOCK_CAPTURE_AUTORELEASING = YES;
				CLANG_WARN_BOOL_CONVERSION = YES;
				CLANG_WARN_COMMA = YES;
				CLANG_WARN_CONSTANT_CONVERSION = YES;
				CLANG_WARN_DIRECT_OBJC_ISA_USAGE = YES_ERROR;
				CLANG_WARN_DOCUMENTATION_COMMENTS = YES;
				CLANG_WARN_EMPTY_BODY = YES;
				CLANG_WARN_ENUM_CONVERSION = YES;
				CLANG_WARN_INFINITE_RECURSION = YES;
				CLANG_WARN_INT_CONVERSION = YES;
				CLANG_WARN_NON_LITERAL_NULL_CONVERSION = YES;
				CLANG_WARN_OBJC_LITERAL_CONVERSION = YES;
				CLANG_WARN_OBJC_ROOT_CLASS = YES_ERROR;
				CLANG_WARN_RANGE_LOOP_ANALYSIS = YES;
				CLANG_WARN_STRICT_PROTOTYPES = YES;
				CLANG_WARN_SUSPICIOUS_MOVE = YES;
				CLANG_WARN_UNGUARDED_AVAILABILITY = YES_AGGRESSIVE;
				CLANG_WARN_UNREACHABLE_CODE = YES;
				CLANG_WARN__DUPLICATE_METHOD_MATCH = YES;
				CODE_SIGN_IDENTITY = "iPhone Developer";
				COPY_PHASE_STRIP = NO;
				DEBUG_INFORMATION_FORMAT = dwarf;
				ENABLE_STRICT_OBJC_MSGSEND = YES;
				ENABLE_TESTABILITY = YES;
				GCC_C_LANGUAGE_STANDARD = gnu11;
				GCC_DYNAMIC_NO_PIC = NO;
				GCC_NO_COMMON_BLOCKS = YES;
				GCC_OPTIMIZATION_LEVEL = 0;
				GCC_PREPROCESSOR_DEFINITIONS = (
					"DEBUG=1",
					"$(inherited)",
				);
				GCC_WARN_64_TO_32_BIT_CONVERSION = YES;
				GCC_WARN_ABOUT_RETURN_TYPE = YES_ERROR;
				GCC_WARN_UNDECLARED_SELECTOR = YES;
				GCC_WARN_UNINITIALIZED_AUTOS = YES_AGGRESSIVE;
				GCC_WARN_UNUSED_FUNCTION = YES;
				GCC_WARN_UNUSED_VARIABLE = YES;
				IPHONEOS_DEPLOYMENT_TARGET = 11.2;
				MTL_ENABLE_DEBUG_INFO = YES;
				ONLY_ACTIVE_ARCH = YES;
				SDKROOT = iphoneos;
				SWIFT_ACTIVE_COMPILATION_CONDITIONS = DEBUG;
				SWIFT_OPTIMIZATION_LEVEL = "-Onone";
			};
			name = Debug;
		};
		A741F83820C3B9E6003E2B42 /* Release */ = {
			isa = XCBuildConfiguration;
			buildSettings = {
				ALWAYS_SEARCH_USER_PATHS = NO;
				CLANG_ANALYZER_NONNULL = YES;
				CLANG_ANALYZER_NUMBER_OBJECT_CONVERSION = YES_AGGRESSIVE;
				CLANG_CXX_LANGUAGE_STANDARD = "gnu++14";
				CLANG_CXX_LIBRARY = "libc++";
				CLANG_ENABLE_MODULES = YES;
				CLANG_ENABLE_OBJC_ARC = YES;
				CLANG_WARN_BLOCK_CAPTURE_AUTORELEASING = YES;
				CLANG_WARN_BOOL_CONVERSION = YES;
				CLANG_WARN_COMMA = YES;
				CLANG_WARN_CONSTANT_CONVERSION = YES;
				CLANG_WARN_DIRECT_OBJC_ISA_USAGE = YES_ERROR;
				CLANG_WARN_DOCUMENTATION_COMMENTS = YES;
				CLANG_WARN_EMPTY_BODY = YES;
				CLANG_WARN_ENUM_CONVERSION = YES;
				CLANG_WARN_INFINITE_RECURSION = YES;
				CLANG_WARN_INT_CONVERSION = YES;
				CLANG_WARN_NON_LITERAL_NULL_CONVERSION = YES;
				CLANG_WARN_OBJC_LITERAL_CONVERSION = YES;
				CLANG_WARN_OBJC_ROOT_CLASS = YES_ERROR;
				CLANG_WARN_RANGE_LOOP_ANALYSIS = YES;
				CLANG_WARN_STRICT_PROTOTYPES = YES;
				CLANG_WARN_SUSPICIOUS_MOVE = YES;
				CLANG_WARN_UNGUARDED_AVAILABILITY = YES_AGGRESSIVE;
				CLANG_WARN_UNREACHABLE_CODE = YES;
				CLANG_WARN__DUPLICATE_METHOD_MATCH = YES;
				CODE_SIGN_IDENTITY = "iPhone Developer";
				COPY_PHASE_STRIP = NO;
				DEBUG_INFORMATION_FORMAT = "dwarf-with-dsym";
				ENABLE_NS_ASSERTIONS = NO;
				ENABLE_STRICT_OBJC_MSGSEND = YES;
				GCC_C_LANGUAGE_STANDARD = gnu11;
				GCC_NO_COMMON_BLOCKS = YES;
				GCC_WARN_64_TO_32_BIT_CONVERSION = YES;
				GCC_WARN_ABOUT_RETURN_TYPE = YES_ERROR;
				GCC_WARN_UNDECLARED_SELECTOR = YES;
				GCC_WARN_UNINITIALIZED_AUTOS = YES_AGGRESSIVE;
				GCC_WARN_UNUSED_FUNCTION = YES;
				GCC_WARN_UNUSED_VARIABLE = YES;
				IPHONEOS_DEPLOYMENT_TARGET = 11.2;
				MTL_ENABLE_DEBUG_INFO = NO;
				SDKROOT = iphoneos;
				SWIFT_OPTIMIZATION_LEVEL = "-Owholemodule";
				VALIDATE_PRODUCT = YES;
			};
			name = Release;
		};
		A741F83A20C3B9E6003E2B42 /* Debug */ = {
			isa = XCBuildConfiguration;
			buildSettings = {
				ASSETCATALOG_COMPILER_APPICON_NAME = AppIcon;
				CODE_SIGN_STYLE = Automatic;
				DEVELOPMENT_TEAM = 9AV4FW597T;
				INFOPLIST_FILE = Audiobooker/Info.plist;
				LD_RUNPATH_SEARCH_PATHS = "$(inherited) @executable_path/Frameworks";
				PRODUCT_BUNDLE_IDENTIFIER = com.ATSibDev.Audiobooker;
				PRODUCT_NAME = "$(TARGET_NAME)";
				SWIFT_VERSION = 4.0;
				TARGETED_DEVICE_FAMILY = "1,2";
			};
			name = Debug;
		};
		A741F83B20C3B9E6003E2B42 /* Release */ = {
			isa = XCBuildConfiguration;
			buildSettings = {
				ASSETCATALOG_COMPILER_APPICON_NAME = AppIcon;
				CODE_SIGN_STYLE = Automatic;
				DEVELOPMENT_TEAM = 9AV4FW597T;
				INFOPLIST_FILE = Audiobooker/Info.plist;
				LD_RUNPATH_SEARCH_PATHS = "$(inherited) @executable_path/Frameworks";
				PRODUCT_BUNDLE_IDENTIFIER = com.ATSibDev.Audiobooker;
				PRODUCT_NAME = "$(TARGET_NAME)";
				SWIFT_VERSION = 4.0;
				TARGETED_DEVICE_FAMILY = "1,2";
			};
			name = Release;
		};
		A741F83D20C3B9E6003E2B42 /* Debug */ = {
			isa = XCBuildConfiguration;
			buildSettings = {
				ALWAYS_EMBED_SWIFT_STANDARD_LIBRARIES = YES;
				BUNDLE_LOADER = "$(TEST_HOST)";
				CODE_SIGN_STYLE = Automatic;
				DEVELOPMENT_TEAM = 9AV4FW597T;
				INFOPLIST_FILE = AudiobookerTests/Info.plist;
				LD_RUNPATH_SEARCH_PATHS = "$(inherited) @executable_path/Frameworks @loader_path/Frameworks";
				PRODUCT_BUNDLE_IDENTIFIER = com.ATSibDev.AudiobookerTests;
				PRODUCT_NAME = "$(TARGET_NAME)";
				SWIFT_VERSION = 4.0;
				TARGETED_DEVICE_FAMILY = "1,2";
				TEST_HOST = "$(BUILT_PRODUCTS_DIR)/Audiobooker.app/Audiobooker";
			};
			name = Debug;
		};
		A741F83E20C3B9E6003E2B42 /* Release */ = {
			isa = XCBuildConfiguration;
			buildSettings = {
				ALWAYS_EMBED_SWIFT_STANDARD_LIBRARIES = YES;
				BUNDLE_LOADER = "$(TEST_HOST)";
				CODE_SIGN_STYLE = Automatic;
				DEVELOPMENT_TEAM = 9AV4FW597T;
				INFOPLIST_FILE = AudiobookerTests/Info.plist;
				LD_RUNPATH_SEARCH_PATHS = "$(inherited) @executable_path/Frameworks @loader_path/Frameworks";
				PRODUCT_BUNDLE_IDENTIFIER = com.ATSibDev.AudiobookerTests;
				PRODUCT_NAME = "$(TARGET_NAME)";
				SWIFT_VERSION = 4.0;
				TARGETED_DEVICE_FAMILY = "1,2";
				TEST_HOST = "$(BUILT_PRODUCTS_DIR)/Audiobooker.app/Audiobooker";
			};
			name = Release;
		};
/* End XCBuildConfiguration section */

/* Begin XCConfigurationList section */
		A741F81720C3B9E6003E2B42 /* Build configuration list for PBXProject "Audiobooker" */ = {
			isa = XCConfigurationList;
			buildConfigurations = (
				A741F83720C3B9E6003E2B42 /* Debug */,
				A741F83820C3B9E6003E2B42 /* Release */,
			);
			defaultConfigurationIsVisible = 0;
			defaultConfigurationName = Release;
		};
		A741F83920C3B9E6003E2B42 /* Build configuration list for PBXNativeTarget "Audiobooker" */ = {
			isa = XCConfigurationList;
			buildConfigurations = (
				A741F83A20C3B9E6003E2B42 /* Debug */,
				A741F83B20C3B9E6003E2B42 /* Release */,
			);
			defaultConfigurationIsVisible = 0;
			defaultConfigurationName = Release;
		};
		A741F83C20C3B9E6003E2B42 /* Build configuration list for PBXNativeTarget "AudiobookerTests" */ = {
			isa = XCConfigurationList;
			buildConfigurations = (
				A741F83D20C3B9E6003E2B42 /* Debug */,
				A741F83E20C3B9E6003E2B42 /* Release */,
			);
			defaultConfigurationIsVisible = 0;
			defaultConfigurationName = Release;
		};
/* End XCConfigurationList section */
	};
	rootObject = A741F81420C3B9E6003E2B42 /* Project object */;
}
